{
  "name": "spider-for-novel",
  "version": "1.0.0",
  "lockfileVersion": 1,
  "requires": true,
  "dependencies": {
    "progressbar.js": {
      "version": "1.0.1",
      "resolved": "http://registry.npm.taobao.org/progressbar.js/download/progressbar.js-1.0.1.tgz",
      "integrity": "sha1-9/v8GVJA/guzL2972y5/9ADqcfk=",
      "requires": {
        "shifty": "1.5.4"
      }
    },
    "shifty": {
      "version": "1.5.4",
      "resolved": "http://registry.npm.taobao.org/shifty/download/shifty-1.5.4.tgz",
      "integrity": "sha1-1DYvyRTdKA3fblIr5AiyEgMgg0Y="
    }
  }
}
